Microsoft Visual Studio Solution File, Format Version 12.00
# Visual Studio 2012
Project("{FAE04EC0-301F-11D3-BF4B-00C04F79EFBC}") = "Chisel", "Chisel.csproj", "{CA256F02-78B3-4AF1-B48A-497E2C895BD5}"
EndProject
Global
	GlobalSection(SolutionConfigurationPlatforms) = preSolution
	Debug|Any CPU = Debug|Any CPU
	ExportDebug|Any CPU = ExportDebug|Any CPU
	ExportRelease|Any CPU = ExportRelease|Any CPU
	EndGlobalSection
	GlobalSection(ProjectConfigurationPlatforms) = postSolution
		{CA256F02-78B3-4AF1-B48A-497E2C895BD5}.Debug|Any CPU.ActiveCfg = Debug|Any CPU
		{CA256F02-78B3-4AF1-B48A-497E2C895BD5}.Debug|Any CPU.Build.0 = Debug|Any CPU
		{CA256F02-78B3-4AF1-B48A-497E2C895BD5}.ExportDebug|Any CPU.ActiveCfg = ExportDebug|Any CPU
		{CA256F02-78B3-4AF1-B48A-497E2C895BD5}.ExportDebug|Any CPU.Build.0 = ExportDebug|Any CPU
		{CA256F02-78B3-4AF1-B48A-497E2C895BD5}.ExportRelease|Any CPU.ActiveCfg = ExportRelease|Any CPU
		{CA256F02-78B3-4AF1-B48A-497E2C895BD5}.ExportRelease|Any CPU.Build.0 = ExportRelease|Any CPU
	EndGlobalSection
EndGlobal
